# This file is automatically @generated by Poetry 1.5.1 and should not be changed by hand.

[[package]]
name = "semanticsdp"
version = "0.1.0b3"
description = "Python port of medooze/semantic-sdp-js"
optional = false
python-versions = ">=3.9,<4.0"
files = [
    {file = "semanticsdp-0.1.0b3-py3-none-any.whl", hash = "sha256:f553b4862d60a8f9734deef26a7dcb96ad84bc78045ebe6bdff19fd08071a4f9"},
    {file = "semanticsdp-0.1.0b3.tar.gz", hash = "sha256:2466b08878b4c8735daa6f2b8021b4312baa9ac9565cc93c05fe3b66dae05893"},
]

[metadata]
lock-version = "2.0"
python-versions = "^3.9"
content-hash = "52e0c7368abd8c80984d52dab043dd0258347b773ccbf38177a00065358614e9"
